
Microsoft Visual Studio Solution File, Format Version 12.00
# Visual Studio 2012
Project("{FAE04EC0-301F-11D3-BF4B-00C04F79EFBC}") = "TestSuite", "TestSuite\TestSuite.csproj", "{E93CAFA3-AABE-4A95-8DC0-4D051326AD58}"
EndProject
Global
	GlobalSection(SolutionConfigurationPlatforms) = preSolution
		Debug|Any CPU = Debug|Any CPU
		Release|Any CPU = Release|Any CPU
	EndGlobalSection
	GlobalSection(ProjectConfigurationPlatforms) = postSolution
		{E93CAFA3-AABE-4A95-8DC0-4D051326AD58}.Debug|Any CPU.ActiveCfg = Debug|Any CPU
		{E93CAFA3-AABE-4A95-8DC0-4D051326AD58}.Debug|Any CPU.Build.0 = Debug|Any CPU
		{E93CAFA3-AABE-4A95-8DC0-4D051326AD58}.Release|Any CPU.ActiveCfg = Release|Any CPU
		{E93CAFA3-AABE-4A95-8DC0-4D051326AD58}.Release|Any CPU.Build.0 = Release|Any CPU
	EndGlobalSection
	GlobalSection(SolutionProperties) = preSolution
		HideSolutionNode = FALSE
	EndGlobalSection
EndGlobal
